{
    "name": "com.dwsg.pocketdetective",
    "version": "0.0.999",
    "lockfileVersion": 1,
    "requires": true,
    "dependencies": {
        "cordova-admob": {
            "version": "5.1.0",
            "resolved": "https://registry.npmjs.org/cordova-admob/-/cordova-admob-5.1.0.tgz",
            "integrity": "sha512-gKh96VvSat9+jt347lC7nU5zpySbVNRiMb0+o0ns4V7Z9y7aecLSb4Flf3pPWK0Wj6hvx8nqbfIAv+KYC6MgVg=="
        },
        "cordova-plugin-play-games-services": {
            "version": "1.1.2",
            "resolved": "https://registry.npmjs.org/cordova-plugin-play-games-services/-/cordova-plugin-play-games-services-1.1.2.tgz",
            "integrity": "sha512-zVwA+qRzt9+Hlv9t2F8dbLchTyXFx0kS9T1MQ/vBP7IulH6/BL0kUvC120jYZSYcKkBTvusW0FqVvQhMui4gZA=="
        },
        "cordova-plugin-splashscreen": {
            "version": "5.0.3",
            "resolved": "https://registry.npmjs.org/cordova-plugin-splashscreen/-/cordova-plugin-splashscreen-5.0.3.tgz",
            "integrity": "sha512-rnoDXMDfzoeHDBvsnu6JmzDE/pV5YJCAfc5hYX/Mb2BIXGgSjFJheByt0tU6kp3Wl40tSyFX4pYfBwFblBGyRg=="
        }
    }
}
